
Microsoft Visual Studio Solution File, Format Version 12.00
# Visual Studio 15
VisualStudioVersion = 15.0.28307.757
MinimumVisualStudioVersion = 10.0.40219.1
Project("{FAE04EC0-301F-11D3-BF4B-00C04F79EFBC}") = "mtgalib", "mtgalib\mtgalib.csproj", "{91780EE6-D73A-455C-8589-FEFE4CEAAECB}"
EndProject
Project("{FAE04EC0-301F-11D3-BF4B-00C04F79EFBC}") = "mtgalib.example", "mtgalib.example\mtgalib.example.csproj", "{A0B1653A-87B9-44DF-8286-F18B8EC945FC}"
EndProject
Project("{FAE04EC0-301F-11D3-BF4B-00C04F79EFBC}") = "mtgalib.tests", "mtgalib.tests\mtgalib.tests.csproj", "{0BB9AE96-D93B-4EC0-A764-D0B7DF31BA28}"
EndProject
Global
	GlobalSection(SolutionConfigurationPlatforms) = preSolution
		Debug|Any CPU = Debug|Any CPU
		Release|Any CPU = Release|Any CPU
	EndGlobalSection
	GlobalSection(ProjectConfigurationPlatforms) = postSolution
		{91780EE6-D73A-455C-8589-FEFE4CEAAECB}.Debug|Any CPU.ActiveCfg = Debug|Any CPU
		{91780EE6-D73A-455C-8589-FEFE4CEAAECB}.Debug|Any CPU.Build.0 = Debug|Any CPU
		{91780EE6-D73A-455C-8589-FEFE4CEAAECB}.Release|Any CPU.ActiveCfg = Release|Any CPU
		{91780EE6-D73A-455C-8589-FEFE4CEAAECB}.Release|Any CPU.Build.0 = Release|Any CPU
		{A0B1653A-87B9-44DF-8286-F18B8EC945FC}.Debug|Any CPU.ActiveCfg = Debug|Any CPU
		{A0B1653A-87B9-44DF-8286-F18B8EC945FC}.Debug|Any CPU.Build.0 = Debug|Any CPU
		{A0B1653A-87B9-44DF-8286-F18B8EC945FC}.Release|Any CPU.ActiveCfg = Release|Any CPU
		{A0B1653A-87B9-44DF-8286-F18B8EC945FC}.Release|Any CPU.Build.0 = Release|Any CPU
		{0BB9AE96-D93B-4EC0-A764-D0B7DF31BA28}.Debug|Any CPU.ActiveCfg = Debug|Any CPU
		{0BB9AE96-D93B-4EC0-A764-D0B7DF31BA28}.Debug|Any CPU.Build.0 = Debug|Any CPU
		{0BB9AE96-D93B-4EC0-A764-D0B7DF31BA28}.Release|Any CPU.ActiveCfg = Release|Any CPU
		{0BB9AE96-D93B-4EC0-A764-D0B7DF31BA28}.Release|Any CPU.Build.0 = Release|Any CPU
	EndGlobalSection
	GlobalSection(SolutionProperties) = preSolution
		HideSolutionNode = FALSE
	EndGlobalSection
	GlobalSection(ExtensibilityGlobals) = postSolution
		SolutionGuid = {6B75CEF5-6F65-4C18-AFDC-F95694BA99FC}
	EndGlobalSection
EndGlobal
